
Microsoft Visual Studio Solution File, Format Version 12.00
# Visual Studio Version 16
VisualStudioVersion = 16.0.34114.132
MinimumVisualStudioVersion = 10.0.40219.1
Project("{2150E333-8FDC-42A3-9474-1A3956D46DE8}") = "Task0", "Task0", "{8DDE2C37-716A-4395-B5B1-4FD77B46E9CC}"
EndProject
Project("{FAE04EC0-301F-11D3-BF4B-00C04F79EFBC}") = "Tyuiu.PanasenkoRA.Sprint5.Task0.V0", "Tyuiu.PanasenkoRA.Sprint5.Task0.V0\Tyuiu.PanasenkoRA.Sprint5.Task0.V0.csproj", "{8A4B7820-325B-487B-9D38-6B9A7ED6784E}"
EndProject
Project("{FAE04EC0-301F-11D3-BF4B-00C04F79EFBC}") = "Tyuiu.PanasenkoRA.Sprint5.Task0.V0.Lib", "Tyuiu.PanasenkoRA.Sprint5.Task0.V0.Lib\Tyuiu.PanasenkoRA.Sprint5.Task0.V0.Lib.csproj", "{0E7C15C9-55BA-489B-85DE-AC71794B931C}"
EndProject
Project("{FAE04EC0-301F-11D3-BF4B-00C04F79EFBC}") = "Tyuiu.PanasenkoRA.Sprint5.Task0.V0.Test", "Tyuiu.PanasenkoRA.Sprint5.Task0.V0.Test\Tyuiu.PanasenkoRA.Sprint5.Task0.V0.Test.csproj", "{45D1AC72-0766-449D-AA63-BA694E52CA6F}"
EndProject
Project("{2150E333-8FDC-42A3-9474-1A3956D46DE8}") = "Task1", "Task1", "{AE447935-FE04-4232-854B-963D41A285F2}"
EndProject
Project("{FAE04EC0-301F-11D3-BF4B-00C04F79EFBC}") = "Tyuiu.PanasenkoRA.Sprint5.Task1.V0", "Tyuiu.PanasenkoRA.Sprint5.Task1.V0\Tyuiu.PanasenkoRA.Sprint5.Task1.V0.csproj", "{338A5FDA-F38D-4650-9A7C-6BDFEAC76F1C}"
EndProject
Project("{FAE04EC0-301F-11D3-BF4B-00C04F79EFBC}") = "Tyuiu.PanasenkoRA.Sprint5.Task1.V0.Lib", "Tyuiu.PanasenkoRA.Sprint5.Task1.V0.Lib\Tyuiu.PanasenkoRA.Sprint5.Task1.V0.Lib.csproj", "{08FE042D-D509-4853-9903-18378ED2E2F9}"
EndProject
Project("{FAE04EC0-301F-11D3-BF4B-00C04F79EFBC}") = "Tyuiu.PanasenkoRA.Sprint5.Task1.V0.Test", "Tyuiu.PanasenkoRA.Sprint5.Task1.V0.Test\Tyuiu.PanasenkoRA.Sprint5.Task1.V0.Test.csproj", "{63D25152-ED9C-4BF8-B8BB-9452BD5629DE}"
EndProject
Project("{2150E333-8FDC-42A3-9474-1A3956D46DE8}") = "Task2", "Task2", "{14A3A623-7811-456E-8EDD-DCCE819D8E7B}"
EndProject
Project("{FAE04EC0-301F-11D3-BF4B-00C04F79EFBC}") = "Tyuiu.PanasenkoRA.Sprint5.Task2.V0", "Tyuiu.PanasenkoRA.Sprint5.Task2.V0\Tyuiu.PanasenkoRA.Sprint5.Task2.V0.csproj", "{27D7B50E-EA11-4CAF-A1D4-CCDB44CFAC22}"
EndProject
Project("{FAE04EC0-301F-11D3-BF4B-00C04F79EFBC}") = "Tyuiu.PanasenkoRA.Sprint5.Task2.V0.Lib", "Tyuiu.PanasenkoRA.Sprint5.Task2.V0.Lib\Tyuiu.PanasenkoRA.Sprint5.Task2.V0.Lib.csproj", "{7181E445-EB8F-45B2-96F0-B866C27E91E5}"
EndProject
Project("{FAE04EC0-301F-11D3-BF4B-00C04F79EFBC}") = "Tyuiu.PanasenkoRA.Sprint5.Task2.V0.Test", "Tyuiu.PanasenkoRA.Sprint5.Task2.V0.Test\Tyuiu.PanasenkoRA.Sprint5.Task2.V0.Test.csproj", "{A1F1F168-345F-4666-9863-E382704964B0}"
EndProject
Project("{2150E333-8FDC-42A3-9474-1A3956D46DE8}") = "Task3", "Task3", "{96AAA1CC-4468-4704-B2BD-3EC4412A9299}"
EndProject
Project("{FAE04EC0-301F-11D3-BF4B-00C04F79EFBC}") = "Tyuiu.PanasenkoRA.Sprint5.Task3.V0", "Tyuiu.PanasenkoRA.Sprint5.Task3.V0\Tyuiu.PanasenkoRA.Sprint5.Task3.V0.csproj", "{A12F8483-C1F7-4535-8BF8-61C6FFB7DF49}"
EndProject
Project("{FAE04EC0-301F-11D3-BF4B-00C04F79EFBC}") = "Tyuiu.PanasenkoRA.Sprint5.Task3.V0.Lib", "Tyuiu.PanasenkoRA.Sprint5.Task3.V0.Lib\Tyuiu.PanasenkoRA.Sprint5.Task3.V0.Lib.csproj", "{E0E11797-6738-427B-89D1-D130EF1C9585}"
EndProject
Project("{FAE04EC0-301F-11D3-BF4B-00C04F79EFBC}") = "Tyuiu.PanasenkoRA.Sprint5.Task3.V0.Test", "Tyuiu.PanasenkoRA.Sprint5.Task3.V0.Test\Tyuiu.PanasenkoRA.Sprint5.Task3.V0.Test.csproj", "{C0F8D1AE-BB4C-493F-9DC4-BA5A71EBCEDA}"
EndProject
Project("{2150E333-8FDC-42A3-9474-1A3956D46DE8}") = "Task5", "Task5", "{CCE143BA-773A-42FD-B0F5-D3F6F51C5ABC}"
EndProject
Project("{2150E333-8FDC-42A3-9474-1A3956D46DE8}") = "Task6", "Task6", "{BE58FFBE-C8F3-4EC8-A6B3-F5497B281E99}"
EndProject
Project("{2150E333-8FDC-42A3-9474-1A3956D46DE8}") = "Task4", "Task4", "{F5F80A97-6DE7-4CB9-A7A6-5F6360F690EA}"
EndProject
Project("{2150E333-8FDC-42A3-9474-1A3956D46DE8}") = "Task7", "Task7", "{51A3752A-CF09-408D-9B2A-A5E691AFA054}"
EndProject
Project("{FAE04EC0-301F-11D3-BF4B-00C04F79EFBC}") = "Tyuiu.PanasenkoRA.Sprint5.Task4.V0", "Tyuiu.PanasenkoRA.Sprint5.Task4.V0\Tyuiu.PanasenkoRA.Sprint5.Task4.V0.csproj", "{866968A3-228D-47B0-B18E-A9C63EA00269}"
EndProject
Project("{FAE04EC0-301F-11D3-BF4B-00C04F79EFBC}") = "Tyuiu.PanasenkoRA.Sprint5.Task4.V0.Lib", "Tyuiu.PanasenkoRA.Sprint5.Task4.V0.Lib\Tyuiu.PanasenkoRA.Sprint5.Task4.V0.Lib.csproj", "{2AE36B33-6A02-4AC8-8DAB-D9A1B881AD38}"
EndProject
Project("{FAE04EC0-301F-11D3-BF4B-00C04F79EFBC}") = "Tyuiu.PanasenkoRA.Sprint5.Task4.V0.Test", "Tyuiu.PanasenkoRA.Sprint5.Task4.V0.Test\Tyuiu.PanasenkoRA.Sprint5.Task4.V0.Test.csproj", "{28A1A232-3C95-4A95-8258-24E61D40EC52}"
EndProject
Project("{FAE04EC0-301F-11D3-BF4B-00C04F79EFBC}") = "Tyuiu.PanasenkoRA.Sprint5.Task5.V0", "Tyuiu.PanasenkoRA.Sprint5.Task5.V0\Tyuiu.PanasenkoRA.Sprint5.Task5.V0.csproj", "{5FDBFEAC-4521-4487-8363-B93A91D41769}"
EndProject
Project("{FAE04EC0-301F-11D3-BF4B-00C04F79EFBC}") = "Tyuiu.PanasenkoRA.Sprint5.Task5.V0.Lib", "Tyuiu.PanasenkoRA.Sprint5.Task5.V0.Lib\Tyuiu.PanasenkoRA.Sprint5.Task5.V0.Lib.csproj", "{A2C4F25A-153B-4566-B7D3-BA7607C29512}"
EndProject
Project("{FAE04EC0-301F-11D3-BF4B-00C04F79EFBC}") = "Tyuiu.PanasenkoRA.Sprint5.Task5.V0.Test", "Tyuiu.PanasenkoRA.Sprint5.Task5.V0.Test\Tyuiu.PanasenkoRA.Sprint5.Task5.V0.Test.csproj", "{0887B99E-164C-426A-A4E9-FDA1FD70AC66}"
EndProject
Global
	GlobalSection(SolutionConfigurationPlatforms) = preSolution
		Debug|Any CPU = Debug|Any CPU
		Release|Any CPU = Release|Any CPU
	EndGlobalSection
	GlobalSection(ProjectConfigurationPlatforms) = postSolution
		{8A4B7820-325B-487B-9D38-6B9A7ED6784E}.Debug|Any CPU.ActiveCfg = Debug|Any CPU
		{8A4B7820-325B-487B-9D38-6B9A7ED6784E}.Debug|Any CPU.Build.0 = Debug|Any CPU
		{8A4B7820-325B-487B-9D38-6B9A7ED6784E}.Release|Any CPU.ActiveCfg = Release|Any CPU
		{8A4B7820-325B-487B-9D38-6B9A7ED6784E}.Release|Any CPU.Build.0 = Release|Any CPU
		{0E7C15C9-55BA-489B-85DE-AC71794B931C}.Debug|Any CPU.ActiveCfg = Debug|Any CPU
		{0E7C15C9-55BA-489B-85DE-AC71794B931C}.Debug|Any CPU.Build.0 = Debug|Any CPU
		{0E7C15C9-55BA-489B-85DE-AC71794B931C}.Release|Any CPU.ActiveCfg = Release|Any CPU
		{0E7C15C9-55BA-489B-85DE-AC71794B931C}.Release|Any CPU.Build.0 = Release|Any CPU
		{45D1AC72-0766-449D-AA63-BA694E52CA6F}.Debug|Any CPU.ActiveCfg = Debug|Any CPU
		{45D1AC72-0766-449D-AA63-BA694E52CA6F}.Debug|Any CPU.Build.0 = Debug|Any CPU
		{45D1AC72-0766-449D-AA63-BA694E52CA6F}.Release|Any CPU.ActiveCfg = Release|Any CPU
		{45D1AC72-0766-449D-AA63-BA694E52CA6F}.Release|Any CPU.Build.0 = Release|Any CPU
		{338A5FDA-F38D-4650-9A7C-6BDFEAC76F1C}.Debug|Any CPU.ActiveCfg = Debug|Any CPU
		{338A5FDA-F38D-4650-9A7C-6BDFEAC76F1C}.Debug|Any CPU.Build.0 = Debug|Any CPU
		{338A5FDA-F38D-4650-9A7C-6BDFEAC76F1C}.Release|Any CPU.ActiveCfg = Release|Any CPU
		{338A5FDA-F38D-4650-9A7C-6BDFEAC76F1C}.Release|Any CPU.Build.0 = Release|Any CPU
		{08FE042D-D509-4853-9903-18378ED2E2F9}.Debug|Any CPU.ActiveCfg = Debug|Any CPU
		{08FE042D-D509-4853-9903-18378ED2E2F9}.Debug|Any CPU.Build.0 = Debug|Any CPU
		{08FE042D-D509-4853-9903-18378ED2E2F9}.Release|Any CPU.ActiveCfg = Release|Any CPU
		{08FE042D-D509-4853-9903-18378ED2E2F9}.Release|Any CPU.Build.0 = Release|Any CPU
		{63D25152-ED9C-4BF8-B8BB-9452BD5629DE}.Debug|Any CPU.ActiveCfg = Debug|Any CPU
		{63D25152-ED9C-4BF8-B8BB-9452BD5629DE}.Debug|Any CPU.Build.0 = Debug|Any CPU
		{63D25152-ED9C-4BF8-B8BB-9452BD5629DE}.Release|Any CPU.ActiveCfg = Release|Any CPU
		{63D25152-ED9C-4BF8-B8BB-9452BD5629DE}.Release|Any CPU.Build.0 = Release|Any CPU
		{27D7B50E-EA11-4CAF-A1D4-CCDB44CFAC22}.Debug|Any CPU.ActiveCfg = Debug|Any CPU
		{27D7B50E-EA11-4CAF-A1D4-CCDB44CFAC22}.Debug|Any CPU.Build.0 = Debug|Any CPU
		{27D7B50E-EA11-4CAF-A1D4-CCDB44CFAC22}.Release|Any CPU.ActiveCfg = Release|Any CPU
		{27D7B50E-EA11-4CAF-A1D4-CCDB44CFAC22}.Release|Any CPU.Build.0 = Release|Any CPU
		{7181E445-EB8F-45B2-96F0-B866C27E91E5}.Debug|Any CPU.ActiveCfg = Debug|Any CPU
		{7181E445-EB8F-45B2-96F0-B866C27E91E5}.Debug|Any CPU.Build.0 = Debug|Any CPU
		{7181E445-EB8F-45B2-96F0-B866C27E91E5}.Release|Any CPU.ActiveCfg = Release|Any CPU
		{7181E445-EB8F-45B2-96F0-B866C27E91E5}.Release|Any CPU.Build.0 = Release|Any CPU
		{A1F1F168-345F-4666-9863-E382704964B0}.Debug|Any CPU.ActiveCfg = Debug|Any CPU
		{A1F1F168-345F-4666-9863-E382704964B0}.Debug|Any CPU.Build.0 = Debug|Any CPU
		{A1F1F168-345F-4666-9863-E382704964B0}.Release|Any CPU.ActiveCfg = Release|Any CPU
		{A1F1F168-345F-4666-9863-E382704964B0}.Release|Any CPU.Build.0 = Release|Any CPU
		{A12F8483-C1F7-4535-8BF8-61C6FFB7DF49}.Debug|Any CPU.ActiveCfg = Debug|Any CPU
		{A12F8483-C1F7-4535-8BF8-61C6FFB7DF49}.Debug|Any CPU.Build.0 = Debug|Any CPU
		{A12F8483-C1F7-4535-8BF8-61C6FFB7DF49}.Release|Any CPU.ActiveCfg = Release|Any CPU
		{A12F8483-C1F7-4535-8BF8-61C6FFB7DF49}.Release|Any CPU.Build.0 = Release|Any CPU
		{E0E11797-6738-427B-89D1-D130EF1C9585}.Debug|Any CPU.ActiveCfg = Debug|Any CPU
		{E0E11797-6738-427B-89D1-D130EF1C9585}.Debug|Any CPU.Build.0 = Debug|Any CPU
		{E0E11797-6738-427B-89D1-D130EF1C9585}.Release|Any CPU.ActiveCfg = Release|Any CPU
		{E0E11797-6738-427B-89D1-D130EF1C9585}.Release|Any CPU.Build.0 = Release|Any CPU
		{C0F8D1AE-BB4C-493F-9DC4-BA5A71EBCEDA}.Debug|Any CPU.ActiveCfg = Debug|Any CPU
		{C0F8D1AE-BB4C-493F-9DC4-BA5A71EBCEDA}.Debug|Any CPU.Build.0 = Debug|Any CPU
		{C0F8D1AE-BB4C-493F-9DC4-BA5A71EBCEDA}.Release|Any CPU.ActiveCfg = Release|Any CPU
		{C0F8D1AE-BB4C-493F-9DC4-BA5A71EBCEDA}.Release|Any CPU.Build.0 = Release|Any CPU
		{866968A3-228D-47B0-B18E-A9C63EA00269}.Debug|Any CPU.ActiveCfg = Debug|Any CPU
		{866968A3-228D-47B0-B18E-A9C63EA00269}.Debug|Any CPU.Build.0 = Debug|Any CPU
		{866968A3-228D-47B0-B18E-A9C63EA00269}.Release|Any CPU.ActiveCfg = Release|Any CPU
		{866968A3-228D-47B0-B18E-A9C63EA00269}.Release|Any CPU.Build.0 = Release|Any CPU
		{2AE36B33-6A02-4AC8-8DAB-D9A1B881AD38}.Debug|Any CPU.ActiveCfg = Debug|Any CPU
		{2AE36B33-6A02-4AC8-8DAB-D9A1B881AD38}.Debug|Any CPU.Build.0 = Debug|Any CPU
		{2AE36B33-6A02-4AC8-8DAB-D9A1B881AD38}.Release|Any CPU.ActiveCfg = Release|Any CPU
		{2AE36B33-6A02-4AC8-8DAB-D9A1B881AD38}.Release|Any CPU.Build.0 = Release|Any CPU
		{28A1A232-3C95-4A95-8258-24E61D40EC52}.Debug|Any CPU.ActiveCfg = Debug|Any CPU
		{28A1A232-3C95-4A95-8258-24E61D40EC52}.Debug|Any CPU.Build.0 = Debug|Any CPU
		{28A1A232-3C95-4A95-8258-24E61D40EC52}.Release|Any CPU.ActiveCfg = Release|Any CPU
		{28A1A232-3C95-4A95-8258-24E61D40EC52}.Release|Any CPU.Build.0 = Release|Any CPU
		{5FDBFEAC-4521-4487-8363-B93A91D41769}.Debug|Any CPU.ActiveCfg = Debug|Any CPU
		{5FDBFEAC-4521-4487-8363-B93A91D41769}.Debug|Any CPU.Build.0 = Debug|Any CPU
		{5FDBFEAC-4521-4487-8363-B93A91D41769}.Release|Any CPU.ActiveCfg = Release|Any CPU
		{5FDBFEAC-4521-4487-8363-B93A91D41769}.Release|Any CPU.Build.0 = Release|Any CPU
		{A2C4F25A-153B-4566-B7D3-BA7607C29512}.Debug|Any CPU.ActiveCfg = Debug|Any CPU
		{A2C4F25A-153B-4566-B7D3-BA7607C29512}.Debug|Any CPU.Build.0 = Debug|Any CPU
		{A2C4F25A-153B-4566-B7D3-BA7607C29512}.Release|Any CPU.ActiveCfg = Release|Any CPU
		{A2C4F25A-153B-4566-B7D3-BA7607C29512}.Release|Any CPU.Build.0 = Release|Any CPU
		{0887B99E-164C-426A-A4E9-FDA1FD70AC66}.Debug|Any CPU.ActiveCfg = Debug|Any CPU
		{0887B99E-164C-426A-A4E9-FDA1FD70AC66}.Debug|Any CPU.Build.0 = Debug|Any CPU
		{0887B99E-164C-426A-A4E9-FDA1FD70AC66}.Release|Any CPU.ActiveCfg = Release|Any CPU
		{0887B99E-164C-426A-A4E9-FDA1FD70AC66}.Release|Any CPU.Build.0 = Release|Any CPU
	EndGlobalSection
	GlobalSection(SolutionProperties) = preSolution
		HideSolutionNode = FALSE
	EndGlobalSection
	GlobalSection(NestedProjects) = preSolution
		{8A4B7820-325B-487B-9D38-6B9A7ED6784E} = {8DDE2C37-716A-4395-B5B1-4FD77B46E9CC}
		{0E7C15C9-55BA-489B-85DE-AC71794B931C} = {8DDE2C37-716A-4395-B5B1-4FD77B46E9CC}
		{45D1AC72-0766-449D-AA63-BA694E52CA6F} = {8DDE2C37-716A-4395-B5B1-4FD77B46E9CC}
		{338A5FDA-F38D-4650-9A7C-6BDFEAC76F1C} = {AE447935-FE04-4232-854B-963D41A285F2}
		{08FE042D-D509-4853-9903-18378ED2E2F9} = {AE447935-FE04-4232-854B-963D41A285F2}
		{63D25152-ED9C-4BF8-B8BB-9452BD5629DE} = {AE447935-FE04-4232-854B-963D41A285F2}
		{27D7B50E-EA11-4CAF-A1D4-CCDB44CFAC22} = {14A3A623-7811-456E-8EDD-DCCE819D8E7B}
		{7181E445-EB8F-45B2-96F0-B866C27E91E5} = {14A3A623-7811-456E-8EDD-DCCE819D8E7B}
		{A1F1F168-345F-4666-9863-E382704964B0} = {14A3A623-7811-456E-8EDD-DCCE819D8E7B}
		{A12F8483-C1F7-4535-8BF8-61C6FFB7DF49} = {96AAA1CC-4468-4704-B2BD-3EC4412A9299}
		{E0E11797-6738-427B-89D1-D130EF1C9585} = {96AAA1CC-4468-4704-B2BD-3EC4412A9299}
		{C0F8D1AE-BB4C-493F-9DC4-BA5A71EBCEDA} = {96AAA1CC-4468-4704-B2BD-3EC4412A9299}
		{866968A3-228D-47B0-B18E-A9C63EA00269} = {F5F80A97-6DE7-4CB9-A7A6-5F6360F690EA}
		{2AE36B33-6A02-4AC8-8DAB-D9A1B881AD38} = {F5F80A97-6DE7-4CB9-A7A6-5F6360F690EA}
		{28A1A232-3C95-4A95-8258-24E61D40EC52} = {F5F80A97-6DE7-4CB9-A7A6-5F6360F690EA}
		{5FDBFEAC-4521-4487-8363-B93A91D41769} = {CCE143BA-773A-42FD-B0F5-D3F6F51C5ABC}
		{A2C4F25A-153B-4566-B7D3-BA7607C29512} = {CCE143BA-773A-42FD-B0F5-D3F6F51C5ABC}
		{0887B99E-164C-426A-A4E9-FDA1FD70AC66} = {CCE143BA-773A-42FD-B0F5-D3F6F51C5ABC}
	EndGlobalSection
	GlobalSection(ExtensibilityGlobals) = postSolution
		SolutionGuid = {6A0E8B53-FD12-4000-AB62-9B7A4A965D4B}
	EndGlobalSection
EndGlobal
